<Solution>
  <Folder Name="/Solution Items/">
    <File Path=".editorconfig" />
  </Folder>
  <Project Path="src/Home.Automation.Api/Home.Automation.Api.csproj" />
  <Project Path="src/Home.Automation.WebClient/Home.Automation.WebClient.csproj" Id="ba6c29dc-23ab-4300-ab6c-4bd88d4842cb" />
</Solution>
